
Microsoft Visual Studio Solution File, Format Version 12.00
# Visual Studio Version 17
VisualStudioVersion = 17.13.35806.99 d17.13
MinimumVisualStudioVersion = 10.0.40219.1
Project("{FAE04EC0-301F-11D3-BF4B-00C04F79EFBC}") = "tree", "tree\tree.csproj", "{7C3A4B25-947E-4265-AB08-07E5DA6582BD}"
EndProject
Global
	GlobalSection(SolutionConfigurationPlatforms) = preSolution
		Debug|Any CPU = Debug|Any CPU
		Release|Any CPU = Release|Any CPU
	EndGlobalSection
	GlobalSection(ProjectConfigurationPlatforms) = postSolution
		{7C3A4B25-947E-4265-AB08-07E5DA6582BD}.Debug|Any CPU.ActiveCfg = Debug|Any CPU
		{7C3A4B25-947E-4265-AB08-07E5DA6582BD}.Debug|Any CPU.Build.0 = Debug|Any CPU
		{7C3A4B25-947E-4265-AB08-07E5DA6582BD}.Release|Any CPU.ActiveCfg = Release|Any CPU
		{7C3A4B25-947E-4265-AB08-07E5DA6582BD}.Release|Any CPU.Build.0 = Release|Any CPU
	EndGlobalSection
	GlobalSection(SolutionProperties) = preSolution
		HideSolutionNode = FALSE
	EndGlobalSection
	GlobalSection(ExtensibilityGlobals) = postSolution
		SolutionGuid = {F7155B9E-06ED-4D98-9667-C5EA4961B13F}
	EndGlobalSection
EndGlobal
